{
  "version": 4,
  "terraform_version": "1.11.1",
  "serial": 5,
  "lineage": "4a59d27c-a182-fca5-6bca-2fdc57bee034",
  "outputs": {},
  "resources": [
    {
      "module": "module.api_gateway",
      "mode": "managed",
      "type": "aws_api_gateway_rest_api",
      "name": "vulnerable_api",
      "provider": "provider[\"registry.terraform.io/hashicorp/aws\"]",
      "instances": [
        {
          "schema_version": 0,
          "attributes": {
            "api_key_source": "HEADER",
            "arn": "arn:aws:apigateway:us-east-1::/restapis/xeod0yicqi",
            "binary_media_types": [],
            "body": null,
            "created_date": "2025-05-03T00:09:11Z",
            "description": "Vulnerable API for CTF challenge",
            "disable_execute_api_endpoint": false,
            "endpoint_configuration": [
              {
                "types": [
                  "EDGE"
                ],
                "vpc_endpoint_ids": []
              }
            ],
            "execution_arn": "arn:aws:execute-api:us-east-1:184588445350:xeod0yicqi",
            "fail_on_warnings": null,
            "id": "xeod0yicqi",
            "minimum_compression_size": -1,
            "name": "vulnerable-api",
            "parameters": null,
            "policy": "",
            "put_rest_api_mode": null,
            "root_resource_id": "92tqy1p6xi",
            "tags": null,
            "tags_all": {}
          },
          "sensitive_attributes": [],
          "private": "bnVsbA=="
        }
      ]
    },
    {
      "module": "module.iam_user",
      "mode": "managed",
      "type": "aws_iam_access_key",
      "name": "api_stage_lister",
      "provider": "provider[\"registry.terraform.io/hashicorp/aws\"]",
      "instances": [
        {
          "schema_version": 0,
          "attributes": {
            "create_date": "2025-05-03T00:09:11Z",
            "encrypted_secret": null,
            "encrypted_ses_smtp_password_v4": null,
            "id": "AKIASV6SUE2TN4EUABAC",
            "key_fingerprint": null,
            "pgp_key": null,
            "secret": "MyuHyf3AxvG/zhAeHxFb6o9f79VBT4/PvBR5BsqW",
            "ses_smtp_password_v4": "BLeXn1nFQ9DMIXFGoFzeJvGcF3MyGdjsE6imaeko5kv/",
            "status": "Active",
            "user": "api-stage-lister"
          },
          "sensitive_attributes": [
            [
              {
                "type": "get_attr",
                "value": "secret"
              }
            ],
            [
              {
                "type": "get_attr",
                "value": "ses_smtp_password_v4"
              }
            ]
          ],
          "private": "bnVsbA==",
          "dependencies": [
            "module.iam_user.aws_iam_user.api_stage_lister"
          ]
        }
      ]
    },
    {
      "module": "module.iam_user",
      "mode": "managed",
      "type": "aws_iam_user",
      "name": "api_stage_lister",
      "provider": "provider[\"registry.terraform.io/hashicorp/aws\"]",
      "instances": [
        {
          "schema_version": 0,
          "attributes": {
            "arn": "arn:aws:iam::184588445350:user/api-stage-lister",
            "force_destroy": false,
            "id": "api-stage-lister",
            "name": "api-stage-lister",
            "path": "/",
            "permissions_boundary": null,
            "tags": null,
            "tags_all": {},
            "unique_id": "AIDASV6SUE2TKOYDPR6BI"
          },
          "sensitive_attributes": [],
          "private": "bnVsbA=="
        }
      ]
    },
    {
      "module": "module.iam_user",
      "mode": "managed",
      "type": "aws_iam_user_policy",
      "name": "api_stage_lister",
      "provider": "provider[\"registry.terraform.io/hashicorp/aws\"]",
      "instances": [
        {
          "schema_version": 0,
          "attributes": {
            "id": "api-stage-lister:api-stage-lister-policy",
            "name": "api-stage-lister-policy",
            "name_prefix": null,
            "policy": "{\"Version\":\"2012-10-17\",\"Statement\":[{\"Action\":[\"apigateway:GET\"],\"Effect\":\"Allow\",\"Resource\":[\"arn:aws:apigateway:us-east-1::/restapis/xeod0yicqi/stages/*\"]}]}",
            "user": "api-stage-lister"
          },
          "sensitive_attributes": [],
          "private": "bnVsbA==",
          "dependencies": [
            "module.api_gateway.aws_api_gateway_rest_api.vulnerable_api",
            "module.iam_user.aws_iam_user.api_stage_lister"
          ]
        }
      ]
    }
  ],
  "check_results": null
}
